
Microsoft Visual Studio Solution File, Format Version 12.00
# Visual Studio Version 16
VisualStudioVersion = 16.0.29519.87
MinimumVisualStudioVersion = 10.0.40219.1
Project("{FAE04EC0-301F-11D3-BF4B-00C04F79EFBC}") = "todo-e-nc-console", "todo-e-nc-console\todo-e-nc-console.csproj", "{C314BDDF-E33C-476D-802C-533438AE4A75}"
EndProject
Project("{FAE04EC0-301F-11D3-BF4B-00C04F79EFBC}") = "todo-e-nc-web", "todo-e-nc-web\todo-e-nc-web.csproj", "{48F9D3A9-AD00-44F6-8E12-BC6EC5777FE9}"
EndProject
Global
	GlobalSection(SolutionConfigurationPlatforms) = preSolution
		Debug|Any CPU = Debug|Any CPU
		Release|Any CPU = Release|Any CPU
	EndGlobalSection
	GlobalSection(ProjectConfigurationPlatforms) = postSolution
		{C314BDDF-E33C-476D-802C-533438AE4A75}.Debug|Any CPU.ActiveCfg = Debug|Any CPU
		{C314BDDF-E33C-476D-802C-533438AE4A75}.Debug|Any CPU.Build.0 = Debug|Any CPU
		{C314BDDF-E33C-476D-802C-533438AE4A75}.Release|Any CPU.ActiveCfg = Release|Any CPU
		{C314BDDF-E33C-476D-802C-533438AE4A75}.Release|Any CPU.Build.0 = Release|Any CPU
		{48F9D3A9-AD00-44F6-8E12-BC6EC5777FE9}.Debug|Any CPU.ActiveCfg = Debug|Any CPU
		{48F9D3A9-AD00-44F6-8E12-BC6EC5777FE9}.Debug|Any CPU.Build.0 = Debug|Any CPU
		{48F9D3A9-AD00-44F6-8E12-BC6EC5777FE9}.Release|Any CPU.ActiveCfg = Release|Any CPU
		{48F9D3A9-AD00-44F6-8E12-BC6EC5777FE9}.Release|Any CPU.Build.0 = Release|Any CPU
	EndGlobalSection
	GlobalSection(SolutionProperties) = preSolution
		HideSolutionNode = FALSE
	EndGlobalSection
	GlobalSection(ExtensibilityGlobals) = postSolution
		SolutionGuid = {F8F37A35-6562-4A64-9C53-1D875001E5D8}
	EndGlobalSection
EndGlobal
